Microsoft Visual Studio Solution File, Format Version 11.00
# Visual Studio 2008

Project("{9A8DA270-0D7F-675A-7124-19E1D369F4A0}") = "ColoringBook", "Assembly-CSharp-firstpass.csproj", "{0EBBA9C2-E61F-C0C4-FB21-917D27ED2B81}"
EndProject
Project("{9A8DA270-0D7F-675A-7124-19E1D369F4A0}") = "ColoringBook", "Assembly-CSharp.csproj", "{34D614B3-FC03-F344-AA79-2B264CA6FA5C}"
EndProject
Project("{9A8DA270-0D7F-675A-7124-19E1D369F4A0}") = "ColoringBook", "Assembly-UnityScript-firstpass.unityproj", "{6C3A4A9F-3639-1042-B2A7-FFF6F1B11BD2}"
EndProject
Project("{9A8DA270-0D7F-675A-7124-19E1D369F4A0}") = "ColoringBook", "Assembly-UnityScript-Editor.unityproj", "{66345DEB-9703-BC73-F432-45B1FC65A250}"
EndProject
Global
	GlobalSection(SolutionConfigurationPlatforms) = preSolution
		Debug|Any CPU = Debug|Any CPU
		Release|Any CPU = Release|Any CPU
	EndGlobalSection
	GlobalSection(ProjectConfigurationPlatforms) = postSolution
		{0EBBA9C2-E61F-C0C4-FB21-917D27ED2B81}.Debug|Any CPU.ActiveCfg = Debug|Any CPU
		{0EBBA9C2-E61F-C0C4-FB21-917D27ED2B81}.Debug|Any CPU.Build.0 = Debug|Any CPU
		{0EBBA9C2-E61F-C0C4-FB21-917D27ED2B81}.Release|Any CPU.ActiveCfg = Release|Any CPU
		{0EBBA9C2-E61F-C0C4-FB21-917D27ED2B81}.Release|Any CPU.Build.0 = Release|Any CPU
		{34D614B3-FC03-F344-AA79-2B264CA6FA5C}.Debug|Any CPU.ActiveCfg = Debug|Any CPU
		{34D614B3-FC03-F344-AA79-2B264CA6FA5C}.Debug|Any CPU.Build.0 = Debug|Any CPU
		{34D614B3-FC03-F344-AA79-2B264CA6FA5C}.Release|Any CPU.ActiveCfg = Release|Any CPU
		{34D614B3-FC03-F344-AA79-2B264CA6FA5C}.Release|Any CPU.Build.0 = Release|Any CPU
		{6C3A4A9F-3639-1042-B2A7-FFF6F1B11BD2}.Debug|Any CPU.ActiveCfg = Debug|Any CPU
		{6C3A4A9F-3639-1042-B2A7-FFF6F1B11BD2}.Debug|Any CPU.Build.0 = Debug|Any CPU
		{6C3A4A9F-3639-1042-B2A7-FFF6F1B11BD2}.Release|Any CPU.ActiveCfg = Release|Any CPU
		{6C3A4A9F-3639-1042-B2A7-FFF6F1B11BD2}.Release|Any CPU.Build.0 = Release|Any CPU
		{66345DEB-9703-BC73-F432-45B1FC65A250}.Debug|Any CPU.ActiveCfg = Debug|Any CPU
		{66345DEB-9703-BC73-F432-45B1FC65A250}.Debug|Any CPU.Build.0 = Debug|Any CPU
		{66345DEB-9703-BC73-F432-45B1FC65A250}.Release|Any CPU.ActiveCfg = Release|Any CPU
		{66345DEB-9703-BC73-F432-45B1FC65A250}.Release|Any CPU.Build.0 = Release|Any CPU
	EndGlobalSection
	GlobalSection(SolutionProperties) = preSolution
		HideSolutionNode = FALSE
	EndGlobalSection
																																		GlobalSection(MonoDevelopProperties) = preSolution
		StartupItem = Assembly-CSharp.csproj
		Policies = $0
		$0.TextStylePolicy = $1
		$1.inheritsSet = null
		$1.scope = text/x-csharp
		$0.CSharpFormattingPolicy = $2
		$2.inheritsSet = Mono
		$2.inheritsScope = text/x-csharp
		$2.scope = text/x-csharp
		$0.TextStylePolicy = $3
		$3.FileWidth = 120
		$3.TabWidth = 4
		$3.EolMarker = Unix
		$3.inheritsSet = Mono
		$3.inheritsScope = text/plain
		$3.scope = text/plain
	EndGlobalSection

EndGlobal
